// !$*UTF8*$!
{
	archiveVersion = 1;
	classes = {
	};
	objectVersion = 56;
	objects = {

/* Begin PBXBuildFile section */
		080A8BA02B03C214008626AE /* SplashScreenView.swift in Sources */ = {isa = PBXBuildFile; fileRef = 080A8B9F2B03C214008626AE /* SplashScreenView.swift */; };
		080A8BA22B03CA58008626AE /* AppConsts.swift in Sources */ = {isa = PBXBuildFile; fileRef = 080A8BA12B03CA58008626AE /* AppConsts.swift */; };
		080A8BA82B03CBFA008626AE /* FirstScreenView.swift in Sources */ = {isa = PBXBuildFile; fileRef = 080A8BA72B03CBFA008626AE /* FirstScreenView.swift */; };
		080A8BAA2B0573FD008626AE /* AuthViewModel.swift in Sources */ = {isa = PBXBuildFile; fileRef = 080A8BA92B0573FD008626AE /* AuthViewModel.swift */; };
		080A8BAC2B057F11008626AE /* ForgotPasswordView.swift in Sources */ = {isa = PBXBuildFile; fileRef = 080A8BAB2B057F11008626AE /* ForgotPasswordView.swift */; };
		080A8BAE2B057F3F008626AE /* ForgotPasswordViewModel.swift in Sources */ = {isa = PBXBuildFile; fileRef = 080A8BAD2B057F3F008626AE /* ForgotPasswordViewModel.swift */; };
		080A8BB02B116158008626AE /* BlockingView.swift in Sources */ = {isa = PBXBuildFile; fileRef = 080A8BAF2B116158008626AE /* BlockingView.swift */; };
		08161EE22B1F9ACD00641A7B /* MovieCard.swift in Sources */ = {isa = PBXBuildFile; fileRef = 08161EE12B1F9ACD00641A7B /* MovieCard.swift */; };
		08161EE42B1F9AEB00641A7B /* MovieDetailsViewModel.swift in Sources */ = {isa = PBXBuildFile; fileRef = 08161EE32B1F9AEB00641A7B /* MovieDetailsViewModel.swift */; };
		08161EE62B20A79500641A7B /* SnippetViewModel.swift in Sources */ = {isa = PBXBuildFile; fileRef = 08161EE52B20A79500641A7B /* SnippetViewModel.swift */; };
		08161EE82B24A8CB00641A7B /* FilmExtended.swift in Sources */ = {isa = PBXBuildFile; fileRef = 08161EE72B24A8CB00641A7B /* FilmExtended.swift */; };
		08161EEA2B24AAB400641A7B /* SerialExtended.swift in Sources */ = {isa = PBXBuildFile; fileRef = 08161EE92B24AAB400641A7B /* SerialExtended.swift */; };
		08161EEC2B24AD8C00641A7B /* Comment.swift in Sources */ = {isa = PBXBuildFile; fileRef = 08161EEB2B24AD8C00641A7B /* Comment.swift */; };
		08161EEE2B24B8A400641A7B /* UserMini.swift in Sources */ = {isa = PBXBuildFile; fileRef = 08161EED2B24B8A400641A7B /* UserMini.swift */; };
		081B318E2B16499100CAB851 /* MovieStatus.swift in Sources */ = {isa = PBXBuildFile; fileRef = 081B318D2B16499100CAB851 /* MovieStatus.swift */; };
		081B31902B177A8000CAB851 /* NetworkMovies.swift in Sources */ = {isa = PBXBuildFile; fileRef = 081B318F2B177A8000CAB851 /* NetworkMovies.swift */; };
		0847FD492AD0169F00DEC3C1 /* RegisterView.swift in Sources */ = {isa = PBXBuildFile; fileRef = 0847FD482AD0169F00DEC3C1 /* RegisterView.swift */; };
		0847FD4B2AD0B28C00DEC3C1 /* Login.swift in Sources */ = {isa = PBXBuildFile; fileRef = 0847FD4A2AD0B28C00DEC3C1 /* Login.swift */; };
		0847FD4D2AD0B70B00DEC3C1 /* LoginView.swift in Sources */ = {isa = PBXBuildFile; fileRef = 0847FD4C2AD0B70B00DEC3C1 /* LoginView.swift */; };
		0847FD502AD0B89F00DEC3C1 /* NetworkService.swift in Sources */ = {isa = PBXBuildFile; fileRef = 0847FD4F2AD0B89F00DEC3C1 /* NetworkService.swift */; };
		085AE5962AD40A820069EFF2 /* ImageModel.swift in Sources */ = {isa = PBXBuildFile; fileRef = 085AE5952AD40A820069EFF2 /* ImageModel.swift */; };
		085AE5A32AD4146E0069EFF2 /* Register.swift in Sources */ = {isa = PBXBuildFile; fileRef = 085AE5A22AD4146E0069EFF2 /* Register.swift */; };
		085AE5AD2AD5EAC70069EFF2 /* HorizontalScrollView.swift in Sources */ = {isa = PBXBuildFile; fileRef = 085AE5AC2AD5EAC70069EFF2 /* HorizontalScrollView.swift */; };
		085AE5AF2AD5EE810069EFF2 /* ContentView.swift in Sources */ = {isa = PBXBuildFile; fileRef = 085AE5AE2AD5EE810069EFF2 /* ContentView.swift */; };
		085AE5B12AD5F4500069EFF2 /* MovieDetailsView.swift in Sources */ = {isa = PBXBuildFile; fileRef = 085AE5B02AD5F4500069EFF2 /* MovieDetailsView.swift */; };
		085AE5B32AD5F4760069EFF2 /* ListView.swift in Sources */ = {isa = PBXBuildFile; fileRef = 085AE5B22AD5F4760069EFF2 /* ListView.swift */; };
		085AE5B52AD6AD870069EFF2 /* MainViewModel.swift in Sources */ = {isa = PBXBuildFile; fileRef = 085AE5B42AD6AD870069EFF2 /* MainViewModel.swift */; };
		085AE5B92AD6C47C0069EFF2 /* SearchView.swift in Sources */ = {isa = PBXBuildFile; fileRef = 085AE5B82AD6C47C0069EFF2 /* SearchView.swift */; };
		085AE5C22AD6C9120069EFF2 /* FavoritesView.swift in Sources */ = {isa = PBXBuildFile; fileRef = 085AE5C12AD6C9120069EFF2 /* FavoritesView.swift */; };
		085AE5C82AD6CA5B0069EFF2 /* ProfileView.swift in Sources */ = {isa = PBXBuildFile; fileRef = 085AE5C72AD6CA5B0069EFF2 /* ProfileView.swift */; };
		085AFDC02B1CC432009C59B3 /* FavoritesViewModel.swift in Sources */ = {isa = PBXBuildFile; fileRef = 085AFDBF2B1CC432009C59B3 /* FavoritesViewModel.swift */; };
		085AFDC42B1E1B12009C59B3 /* Person.swift in Sources */ = {isa = PBXBuildFile; fileRef = 085AFDC32B1E1B12009C59B3 /* Person.swift */; };
		085AFDC62B1E1D68009C59B3 /* Season.swift in Sources */ = {isa = PBXBuildFile; fileRef = 085AFDC52B1E1D68009C59B3 /* Season.swift */; };
		085AFDC82B1E1D78009C59B3 /* Series.swift in Sources */ = {isa = PBXBuildFile; fileRef = 085AFDC72B1E1D78009C59B3 /* Series.swift */; };
		085BAFDD2AF6BB7F00EBF98D /* CustomFormatter.swift in Sources */ = {isa = PBXBuildFile; fileRef = 085BAFDC2AF6BB7F00EBF98D /* CustomFormatter.swift */; };
		085BAFDF2AFE5AA400EBF98D /* CustomSearchView.swift in Sources */ = {isa = PBXBuildFile; fileRef = 085BAFDE2AFE5AA400EBF98D /* CustomSearchView.swift */; };
		08612BBE2AE2C883003F9568 /* Localizable.xcstrings in Resources */ = {isa = PBXBuildFile; fileRef = 08612BBD2AE2C883003F9568 /* Localizable.xcstrings */; };
		087573382ACAF6A9009A466A /* RateFilmApp.swift in Sources */ = {isa = PBXBuildFile; fileRef = 087573372ACAF6A9009A466A /* RateFilmApp.swift */; };
		0875733A2ACAF6A9009A466A /* MainView.swift in Sources */ = {isa = PBXBuildFile; fileRef = 087573392ACAF6A9009A466A /* MainView.swift */; };
		0875733C2ACAF6AA009A466A /* Assets.xcassets in Resources */ = {isa = PBXBuildFile; fileRef = 0875733B2ACAF6AA009A466A /* Assets.xcassets */; };
		0875733F2ACAF6AA009A466A /* Preview Assets.xcassets in Resources */ = {isa = PBXBuildFile; fileRef = 0875733E2ACAF6AA009A466A /* Preview Assets.xcassets */; };
		087573492ACD6A27009A466A /* User.swift in Sources */ = {isa = PBXBuildFile; fileRef = 087573482ACD6A27009A466A /* User.swift */; };
		0875734B2ACF582A009A466A /* Film.swift in Sources */ = {isa = PBXBuildFile; fileRef = 0875734A2ACF582A009A466A /* Film.swift */; };
		0875734D2ACF5E1D009A466A /* Serial.swift in Sources */ = {isa = PBXBuildFile; fileRef = 0875734C2ACF5E1D009A466A /* Serial.swift */; };
		08F001C12AE86E58002C1B99 /* SettingsView.swift in Sources */ = {isa = PBXBuildFile; fileRef = 08F001C02AE86E58002C1B99 /* SettingsView.swift */; };
		08F001C32AE95FE6002C1B99 /* ColorExtension.swift in Sources */ = {isa = PBXBuildFile; fileRef = 08F001C22AE95FE6002C1B99 /* ColorExtension.swift */; };
		08F001C52AE9601C002C1B99 /* ColorSchemeExtension.swift in Sources */ = {isa = PBXBuildFile; fileRef = 08F001C42AE9601C002C1B99 /* ColorSchemeExtension.swift */; };
		08F001C72AE9604F002C1B99 /* ImageExtension.swift in Sources */ = {isa = PBXBuildFile; fileRef = 08F001C62AE9604F002C1B99 /* ImageExtension.swift */; };
		08F001C92AE9606F002C1B99 /* DateExtension.swift in Sources */ = {isa = PBXBuildFile; fileRef = 08F001C82AE9606F002C1B99 /* DateExtension.swift */; };
		08F001CB2AE9BA3B002C1B99 /* RegisterViewModel.swift in Sources */ = {isa = PBXBuildFile; fileRef = 08F001CA2AE9BA3B002C1B99 /* RegisterViewModel.swift */; };
		08F001CD2AEA66F0002C1B99 /* LoginViewModel.swift in Sources */ = {isa = PBXBuildFile; fileRef = 08F001CC2AEA66F0002C1B99 /* LoginViewModel.swift */; };
		08F001CF2AEAABDD002C1B99 /* LocalizedStringKeyExtension.swift in Sources */ = {isa = PBXBuildFile; fileRef = 08F001CE2AEAABDC002C1B99 /* LocalizedStringKeyExtension.swift */; };
		08F001D12AEC7C2E002C1B99 /* FavoritesViewSelectionsEnum.swift in Sources */ = {isa = PBXBuildFile; fileRef = 08F001D02AEC7C2E002C1B99 /* FavoritesViewSelectionsEnum.swift */; };
		08F001D32AEC7C79002C1B99 /* MainViewSelectionsEnum.swift in Sources */ = {isa = PBXBuildFile; fileRef = 08F001D22AEC7C79002C1B99 /* MainViewSelectionsEnum.swift */; };
		08F001D52AEFF736002C1B99 /* SnippetMainViewModel.swift in Sources */ = {isa = PBXBuildFile; fileRef = 08F001D42AEFF735002C1B99 /* SnippetMainViewModel.swift */; };
/* End PBXBuildFile section */

/* Begin PBXFileReference section */
		080A8B9F2B03C214008626AE /* SplashScreenView.swift */ = {isa = PBXFileReference; lastKnownFileType = sourcecode.swift; path = SplashScreenView.swift; sourceTree = "<group>"; };
		080A8BA12B03CA58008626AE /* AppConsts.swift */ = {isa = PBXFileReference; lastKnownFileType = sourcecode.swift; path = AppConsts.swift; sourceTree = "<group>"; };
		080A8BA72B03CBFA008626AE /* FirstScreenView.swift */ = {isa = PBXFileReference; lastKnownFileType = sourcecode.swift; path = FirstScreenView.swift; sourceTree = "<group>"; };
		080A8BA92B0573FD008626AE /* AuthViewModel.swift */ = {isa = PBXFileReference; lastKnownFileType = sourcecode.swift; path = AuthViewModel.swift; sourceTree = "<group>"; };
		080A8BAB2B057F11008626AE /* ForgotPasswordView.swift */ = {isa = PBXFileReference; lastKnownFileType = sourcecode.swift; path = ForgotPasswordView.swift; sourceTree = "<group>"; };
		080A8BAD2B057F3F008626AE /* ForgotPasswordViewModel.swift */ = {isa = PBXFileReference; lastKnownFileType = sourcecode.swift; path = ForgotPasswordViewModel.swift; sourceTree = "<group>"; };
		080A8BAF2B116158008626AE /* BlockingView.swift */ = {isa = PBXFileReference; lastKnownFileType = sourcecode.swift; path = BlockingView.swift; sourceTree = "<group>"; };
		08161EE12B1F9ACD00641A7B /* MovieCard.swift */ = {isa = PBXFileReference; lastKnownFileType = sourcecode.swift; name = MovieCard.swift; path = RateFilm/Modules/MovieDetailsModule/MovieCard.swift; sourceTree = SOURCE_ROOT; };
		08161EE32B1F9AEB00641A7B /* MovieDetailsViewModel.swift */ = {isa = PBXFileReference; lastKnownFileType = sourcecode.swift; name = MovieDetailsViewModel.swift; path = RateFilm/Modules/MovieDetailsModule/MovieDetailsViewModel.swift; sourceTree = SOURCE_ROOT; };
		08161EE52B20A79500641A7B /* SnippetViewModel.swift */ = {isa = PBXFileReference; lastKnownFileType = sourcecode.swift; path = SnippetViewModel.swift; sourceTree = "<group>"; };
		08161EE72B24A8CB00641A7B /* FilmExtended.swift */ = {isa = PBXFileReference; lastKnownFileType = sourcecode.swift; path = FilmExtended.swift; sourceTree = "<group>"; };
		08161EE92B24AAB400641A7B /* SerialExtended.swift */ = {isa = PBXFileReference; lastKnownFileType = sourcecode.swift; path = SerialExtended.swift; sourceTree = "<group>"; };
		08161EEB2B24AD8C00641A7B /* Comment.swift */ = {isa = PBXFileReference; lastKnownFileType = sourcecode.swift; path = Comment.swift; sourceTree = "<group>"; };
		08161EED2B24B8A400641A7B /* UserMini.swift */ = {isa = PBXFileReference; lastKnownFileType = sourcecode.swift; path = UserMini.swift; sourceTree = "<group>"; };
		081B318D2B16499100CAB851 /* MovieStatus.swift */ = {isa = PBXFileReference; lastKnownFileType = sourcecode.swift; path = MovieStatus.swift; sourceTree = "<group>"; };
		081B318F2B177A8000CAB851 /* NetworkMovies.swift */ = {isa = PBXFileReference; lastKnownFileType = sourcecode.swift; path = NetworkMovies.swift; sourceTree = "<group>"; };
		0847FD482AD0169F00DEC3C1 /* RegisterView.swift */ = {isa = PBXFileReference; lastKnownFileType = sourcecode.swift; path = RegisterView.swift; sourceTree = "<group>"; };
		0847FD4A2AD0B28C00DEC3C1 /* Login.swift */ = {isa = PBXFileReference; lastKnownFileType = sourcecode.swift; path = Login.swift; sourceTree = "<group>"; };
		0847FD4C2AD0B70B00DEC3C1 /* LoginView.swift */ = {isa = PBXFileReference; lastKnownFileType = sourcecode.swift; path = LoginView.swift; sourceTree = "<group>"; };
		0847FD4F2AD0B89F00DEC3C1 /* NetworkService.swift */ = {isa = PBXFileReference; lastKnownFileType = sourcecode.swift; path = NetworkService.swift; sourceTree = "<group>"; };
		085AE5952AD40A820069EFF2 /* ImageModel.swift */ = {isa = PBXFileReference; lastKnownFileType = sourcecode.swift; path = ImageModel.swift; sourceTree = "<group>"; };
		085AE5A22AD4146E0069EFF2 /* Register.swift */ = {isa = PBXFileReference; lastKnownFileType = sourcecode.swift; path = Register.swift; sourceTree = "<group>"; };
		085AE5AC2AD5EAC70069EFF2 /* HorizontalScrollView.swift */ = {isa = PBXFileReference; lastKnownFileType = sourcecode.swift; path = HorizontalScrollView.swift; sourceTree = "<group>"; };
		085AE5AE2AD5EE810069EFF2 /* ContentView.swift */ = {isa = PBXFileReference; lastKnownFileType = sourcecode.swift; path = ContentView.swift; sourceTree = "<group>"; };
		085AE5B02AD5F4500069EFF2 /* MovieDetailsView.swift */ = {isa = PBXFileReference; lastKnownFileType = sourcecode.swift; path = MovieDetailsView.swift; sourceTree = "<group>"; };
		085AE5B22AD5F4760069EFF2 /* ListView.swift */ = {isa = PBXFileReference; lastKnownFileType = sourcecode.swift; path = ListView.swift; sourceTree = "<group>"; };
		085AE5B42AD6AD870069EFF2 /* MainViewModel.swift */ = {isa = PBXFileReference; lastKnownFileType = sourcecode.swift; path = MainViewModel.swift; sourceTree = "<group>"; };
		085AE5B82AD6C47C0069EFF2 /* SearchView.swift */ = {isa = PBXFileReference; lastKnownFileType = sourcecode.swift; path = SearchView.swift; sourceTree = "<group>"; };
		085AE5C12AD6C9120069EFF2 /* FavoritesView.swift */ = {isa = PBXFileReference; lastKnownFileType = sourcecode.swift; path = FavoritesView.swift; sourceTree = "<group>"; };
		085AE5C72AD6CA5B0069EFF2 /* ProfileView.swift */ = {isa = PBXFileReference; lastKnownFileType = sourcecode.swift; path = ProfileView.swift; sourceTree = "<group>"; };
		085AFDBF2B1CC432009C59B3 /* FavoritesViewModel.swift */ = {isa = PBXFileReference; lastKnownFileType = sourcecode.swift; path = FavoritesViewModel.swift; sourceTree = "<group>"; };
		085AFDC32B1E1B12009C59B3 /* Person.swift */ = {isa = PBXFileReference; lastKnownFileType = sourcecode.swift; path = Person.swift; sourceTree = "<group>"; };
		085AFDC52B1E1D68009C59B3 /* Season.swift */ = {isa = PBXFileReference; lastKnownFileType = sourcecode.swift; path = Season.swift; sourceTree = "<group>"; };
		085AFDC72B1E1D78009C59B3 /* Series.swift */ = {isa = PBXFileReference; lastKnownFileType = sourcecode.swift; path = Series.swift; sourceTree = "<group>"; };
		085BAFDC2AF6BB7F00EBF98D /* CustomFormatter.swift */ = {isa = PBXFileReference; lastKnownFileType = sourcecode.swift; path = CustomFormatter.swift; sourceTree = "<group>"; };
		085BAFDE2AFE5AA400EBF98D /* CustomSearchView.swift */ = {isa = PBXFileReference; lastKnownFileType = sourcecode.swift; path = CustomSearchView.swift; sourceTree = "<group>"; };
		08612BBD2AE2C883003F9568 /* Localizable.xcstrings */ = {isa = PBXFileReference; lastKnownFileType = text.json.xcstrings; path = Localizable.xcstrings; sourceTree = "<group>"; };
		087573342ACAF6A9009A466A /* RateFilm.app */ = {isa = PBXFileReference; explicitFileType = wrapper.application; includeInIndex = 0; path = RateFilm.app; sourceTree = BUILT_PRODUCTS_DIR; };
		087573372ACAF6A9009A466A /* RateFilmApp.swift */ = {isa = PBXFileReference; lastKnownFileType = sourcecode.swift; path = RateFilmApp.swift; sourceTree = "<group>"; };
		087573392ACAF6A9009A466A /* MainView.swift */ = {isa = PBXFileReference; lastKnownFileType = sourcecode.swift; path = MainView.swift; sourceTree = "<group>"; };
		0875733B2ACAF6AA009A466A /* Assets.xcassets */ = {isa = PBXFileReference; lastKnownFileType = folder.assetcatalog; path = Assets.xcassets; sourceTree = "<group>"; };
		0875733E2ACAF6AA009A466A /* Preview Assets.xcassets */ = {isa = PBXFileReference; lastKnownFileType = folder.assetcatalog; path = "Preview Assets.xcassets"; sourceTree = "<group>"; };
		087573482ACD6A27009A466A /* User.swift */ = {isa = PBXFileReference; lastKnownFileType = sourcecode.swift; path = User.swift; sourceTree = "<group>"; };
		0875734A2ACF582A009A466A /* Film.swift */ = {isa = PBXFileReference; lastKnownFileType = sourcecode.swift; path = Film.swift; sourceTree = "<group>"; };
		0875734C2ACF5E1D009A466A /* Serial.swift */ = {isa = PBXFileReference; lastKnownFileType = sourcecode.swift; path = Serial.swift; sourceTree = "<group>"; };
		08F001C02AE86E58002C1B99 /* SettingsView.swift */ = {isa = PBXFileReference; lastKnownFileType = sourcecode.swift; path = SettingsView.swift; sourceTree = "<group>"; };
		08F001C22AE95FE6002C1B99 /* ColorExtension.swift */ = {isa = PBXFileReference; lastKnownFileType = sourcecode.swift; path = ColorExtension.swift; sourceTree = "<group>"; };
		08F001C42AE9601C002C1B99 /* ColorSchemeExtension.swift */ = {isa = PBXFileReference; lastKnownFileType = sourcecode.swift; path = ColorSchemeExtension.swift; sourceTree = "<group>"; };
		08F001C62AE9604F002C1B99 /* ImageExtension.swift */ = {isa = PBXFileReference; lastKnownFileType = sourcecode.swift; path = ImageExtension.swift; sourceTree = "<group>"; };
		08F001C82AE9606F002C1B99 /* DateExtension.swift */ = {isa = PBXFileReference; lastKnownFileType = sourcecode.swift; path = DateExtension.swift; sourceTree = "<group>"; };
		08F001CA2AE9BA3B002C1B99 /* RegisterViewModel.swift */ = {isa = PBXFileReference; lastKnownFileType = sourcecode.swift; path = RegisterViewModel.swift; sourceTree = "<group>"; };
		08F001CC2AEA66F0002C1B99 /* LoginViewModel.swift */ = {isa = PBXFileReference; lastKnownFileType = sourcecode.swift; path = LoginViewModel.swift; sourceTree = "<group>"; };
		08F001CE2AEAABDC002C1B99 /* LocalizedStringKeyExtension.swift */ = {isa = PBXFileReference; lastKnownFileType = sourcecode.swift; path = LocalizedStringKeyExtension.swift; sourceTree = "<group>"; };
		08F001D02AEC7C2E002C1B99 /* FavoritesViewSelectionsEnum.swift */ = {isa = PBXFileReference; lastKnownFileType = sourcecode.swift; path = FavoritesViewSelectionsEnum.swift; sourceTree = "<group>"; };
		08F001D22AEC7C79002C1B99 /* MainViewSelectionsEnum.swift */ = {isa = PBXFileReference; lastKnownFileType = sourcecode.swift; path = MainViewSelectionsEnum.swift; sourceTree = "<group>"; };
		08F001D42AEFF735002C1B99 /* SnippetMainViewModel.swift */ = {isa = PBXFileReference; lastKnownFileType = sourcecode.swift; path = SnippetMainViewModel.swift; sourceTree = "<group>"; };
/* End PBXFileReference section */

/* Begin PBXFrameworksBuildPhase section */
		087573312ACAF6A9009A466A /* Frameworks */ = {
			isa = PBXFrameworksBuildPhase;
			buildActionMask = 2147483647;
			files = (
			);
			runOnlyForDeploymentPostprocessing = 0;
		};
/* End PBXFrameworksBuildPhase section */

/* Begin PBXGroup section */
		080A8BA32B03CBD1008626AE /* FirstScreenModule */ = {
			isa = PBXGroup;
			children = (
				080A8BA62B03CBEF008626AE /* Models */,
				080A8BA52B03CBE8008626AE /* ViewModels */,
				080A8BA42B03CBDF008626AE /* Views */,
			);
			path = FirstScreenModule;
			sourceTree = "<group>";
		};
		080A8BA42B03CBDF008626AE /* Views */ = {
			isa = PBXGroup;
			children = (
				080A8B9F2B03C214008626AE /* SplashScreenView.swift */,
				080A8BA72B03CBFA008626AE /* FirstScreenView.swift */,
			);
			path = Views;
			sourceTree = "<group>";
		};
		080A8BA52B03CBE8008626AE /* ViewModels */ = {
			isa = PBXGroup;
			children = (
				080A8BA92B0573FD008626AE /* AuthViewModel.swift */,
			);
			path = ViewModels;
			sourceTree = "<group>";
		};
		080A8BA62B03CBEF008626AE /* Models */ = {
			isa = PBXGroup;
			children = (
			);
			path = Models;
			sourceTree = "<group>";
		};
		0847FD4E2AD0B88F00DEC3C1 /* Network */ = {
			isa = PBXGroup;
			children = (
				0847FD4F2AD0B89F00DEC3C1 /* NetworkService.swift */,
			);
			path = Network;
			sourceTree = "<group>";
		};
		085AE5972AD412AC0069EFF2 /* RegisterModule */ = {
			isa = PBXGroup;
			children = (
				085AE5A12AD414210069EFF2 /* Models */,
				085AE5A02AD414140069EFF2 /* ViewModels */,
				085AE59F2AD4140C0069EFF2 /* Views */,
			);
			path = RegisterModule;
			sourceTree = "<group>";
		};
		085AE5982AD412FD0069EFF2 /* LoginModule */ = {
			isa = PBXGroup;
			children = (
				085AE59D2AD413B00069EFF2 /* Models */,
				087573472ACD690A009A466A /* ViewModels */,
				085AE59E2AD413B80069EFF2 /* Views */,
			);
			path = LoginModule;
			sourceTree = "<group>";
		};
		085AE5992AD413060069EFF2 /* MainModule */ = {
			isa = PBXGroup;
			children = (
				085AE59A2AD413760069EFF2 /* Models */,
				085AE59B2AD4137F0069EFF2 /* ViewModels */,
				085AE59C2AD4138A0069EFF2 /* Views */,
			);
			path = MainModule;
			sourceTree = "<group>";
		};
		085AE59A2AD413760069EFF2 /* Models */ = {
			isa = PBXGroup;
			children = (
				0875734A2ACF582A009A466A /* Film.swift */,
				0875734C2ACF5E1D009A466A /* Serial.swift */,
				085AFDC52B1E1D68009C59B3 /* Season.swift */,
				085AFDC72B1E1D78009C59B3 /* Series.swift */,
				085AFDC32B1E1B12009C59B3 /* Person.swift */,
				08F001D22AEC7C79002C1B99 /* MainViewSelectionsEnum.swift */,
				081B318D2B16499100CAB851 /* MovieStatus.swift */,
				081B318F2B177A8000CAB851 /* NetworkMovies.swift */,
			);
			path = Models;
			sourceTree = "<group>";
		};
		085AE59B2AD4137F0069EFF2 /* ViewModels */ = {
			isa = PBXGroup;
			children = (
				08F001D42AEFF735002C1B99 /* SnippetMainViewModel.swift */,
				085AE5B42AD6AD870069EFF2 /* MainViewModel.swift */,
			);
			path = ViewModels;
			sourceTree = "<group>";
		};
		085AE59C2AD4138A0069EFF2 /* Views */ = {
			isa = PBXGroup;
			children = (
				085AE5AC2AD5EAC70069EFF2 /* HorizontalScrollView.swift */,
				085AE5B22AD5F4760069EFF2 /* ListView.swift */,
				087573392ACAF6A9009A466A /* MainView.swift */,
				085AE5AE2AD5EE810069EFF2 /* ContentView.swift */,
			);
			path = Views;
			sourceTree = "<group>";
		};
		085AE59D2AD413B00069EFF2 /* Models */ = {
			isa = PBXGroup;
			children = (
				087573482ACD6A27009A466A /* User.swift */,
				0847FD4A2AD0B28C00DEC3C1 /* Login.swift */,
			);
			path = Models;
			sourceTree = "<group>";
		};
		085AE59E2AD413B80069EFF2 /* Views */ = {
			isa = PBXGroup;
			children = (
				0847FD4C2AD0B70B00DEC3C1 /* LoginView.swift */,
				080A8BAB2B057F11008626AE /* ForgotPasswordView.swift */,
			);
			path = Views;
			sourceTree = "<group>";
		};
		085AE59F2AD4140C0069EFF2 /* Views */ = {
			isa = PBXGroup;
			children = (
				0847FD482AD0169F00DEC3C1 /* RegisterView.swift */,
			);
			path = Views;
			sourceTree = "<group>";
		};
		085AE5A02AD414140069EFF2 /* ViewModels */ = {
			isa = PBXGroup;
			children = (
				08F001CA2AE9BA3B002C1B99 /* RegisterViewModel.swift */,
			);
			path = ViewModels;
			sourceTree = "<group>";
		};
		085AE5A12AD414210069EFF2 /* Models */ = {
			isa = PBXGroup;
			children = (
				085AE5A22AD4146E0069EFF2 /* Register.swift */,
			);
			path = Models;
			sourceTree = "<group>";
		};
		085AE5A42AD48D280069EFF2 /* App */ = {
			isa = PBXGroup;
			children = (
				087573372ACAF6A9009A466A /* RateFilmApp.swift */,
				080A8BA12B03CA58008626AE /* AppConsts.swift */,
			);
			path = App;
			sourceTree = "<group>";
		};
		085AE5A52AD48D3A0069EFF2 /* Modules */ = {
			isa = PBXGroup;
			children = (
				080A8BA32B03CBD1008626AE /* FirstScreenModule */,
				08F001BC2AE86E26002C1B99 /* SettingsModule */,
				085AE5C32AD6CA340069EFF2 /* ProfileModule */,
				085AE5BD2AD6C6650069EFF2 /* FavoritesModule */,
				085AE5B62AD6C43A0069EFF2 /* SearchModule */,
				085AE5992AD413060069EFF2 /* MainModule */,
				085AE5A82AD5E9C80069EFF2 /* MovieDetailsModule */,
				085AE5982AD412FD0069EFF2 /* LoginModule */,
				085AE5972AD412AC0069EFF2 /* RegisterModule */,
			);
			path = Modules;
			sourceTree = "<group>";
		};
		085AE5A82AD5E9C80069EFF2 /* MovieDetailsModule */ = {
			isa = PBXGroup;
			children = (
				085AE5A92AD5E9D90069EFF2 /* Models */,
				085AE5AA2AD5E9DE0069EFF2 /* ViewModels */,
				085AE5AB2AD5E9E80069EFF2 /* Views */,
			);
			path = MovieDetailsModule;
			sourceTree = "<group>";
		};
		085AE5A92AD5E9D90069EFF2 /* Models */ = {
			isa = PBXGroup;
			children = (
				085AE5952AD40A820069EFF2 /* ImageModel.swift */,
				08161EE72B24A8CB00641A7B /* FilmExtended.swift */,
				08161EE92B24AAB400641A7B /* SerialExtended.swift */,
				08161EEB2B24AD8C00641A7B /* Comment.swift */,
				08161EED2B24B8A400641A7B /* UserMini.swift */,
			);
			path = Models;
			sourceTree = "<group>";
		};
		085AE5AA2AD5E9DE0069EFF2 /* ViewModels */ = {
			isa = PBXGroup;
			children = (
				08161EE12B1F9ACD00641A7B /* MovieCard.swift */,
				08161EE32B1F9AEB00641A7B /* MovieDetailsViewModel.swift */,
			);
			path = ViewModels;
			sourceTree = "<group>";
		};
		085AE5AB2AD5E9E80069EFF2 /* Views */ = {
			isa = PBXGroup;
			children = (
				085AE5B02AD5F4500069EFF2 /* MovieDetailsView.swift */,
			);
			path = Views;
			sourceTree = "<group>";
		};
		085AE5B62AD6C43A0069EFF2 /* SearchModule */ = {
			isa = PBXGroup;
			children = (
				085AE5BC2AD6C61A0069EFF2 /* Models */,
				085AE5BA2AD6C5A90069EFF2 /* ViewModels */,
				085AE5B72AD6C45B0069EFF2 /* Views */,
			);
			path = SearchModule;
			sourceTree = "<group>";
		};
		085AE5B72AD6C45B0069EFF2 /* Views */ = {
			isa = PBXGroup;
			children = (
				085AE5B82AD6C47C0069EFF2 /* SearchView.swift */,
				085BAFDE2AFE5AA400EBF98D /* CustomSearchView.swift */,
			);
			path = Views;
			sourceTree = "<group>";
		};
		085AE5BA2AD6C5A90069EFF2 /* ViewModels */ = {
			isa = PBXGroup;
			children = (
			);
			path = ViewModels;
			sourceTree = "<group>";
		};
		085AE5BC2AD6C61A0069EFF2 /* Models */ = {
			isa = PBXGroup;
			children = (
			);
			path = Models;
			sourceTree = "<group>";
		};
		085AE5BD2AD6C6650069EFF2 /* FavoritesModule */ = {
			isa = PBXGroup;
			children = (
				085AE5C02AD6C9050069EFF2 /* Models */,
				085AE5BF2AD6C8FF0069EFF2 /* ViewModels */,
				085AE5BE2AD6C8FA0069EFF2 /* Views */,
			);
			path = FavoritesModule;
			sourceTree = "<group>";
		};
		085AE5BE2AD6C8FA0069EFF2 /* Views */ = {
			isa = PBXGroup;
			children = (
				085AE5C12AD6C9120069EFF2 /* FavoritesView.swift */,
			);
			path = Views;
			sourceTree = "<group>";
		};
		085AE5BF2AD6C8FF0069EFF2 /* ViewModels */ = {
			isa = PBXGroup;
			children = (
				08161EE52B20A79500641A7B /* SnippetViewModel.swift */,
				085AFDBF2B1CC432009C59B3 /* FavoritesViewModel.swift */,
			);
			path = ViewModels;
			sourceTree = "<group>";
		};
		085AE5C02AD6C9050069EFF2 /* Models */ = {
			isa = PBXGroup;
			children = (
				08F001D02AEC7C2E002C1B99 /* FavoritesViewSelectionsEnum.swift */,
			);
			path = Models;
			sourceTree = "<group>";
		};
		085AE5C32AD6CA340069EFF2 /* ProfileModule */ = {
			isa = PBXGroup;
			children = (
				085AE5C62AD6CA490069EFF2 /* Models */,
				085AE5C52AD6CA430069EFF2 /* ViewModels */,
				085AE5C42AD6CA3E0069EFF2 /* Views */,
			);
			path = ProfileModule;
			sourceTree = "<group>";
		};
		085AE5C42AD6CA3E0069EFF2 /* Views */ = {
			isa = PBXGroup;
			children = (
				085AE5C72AD6CA5B0069EFF2 /* ProfileView.swift */,
				080A8BAF2B116158008626AE /* BlockingView.swift */,
			);
			path = Views;
			sourceTree = "<group>";
		};
		085AE5C52AD6CA430069EFF2 /* ViewModels */ = {
			isa = PBXGroup;
			children = (
			);
			path = ViewModels;
			sourceTree = "<group>";
		};
		085AE5C62AD6CA490069EFF2 /* Models */ = {
			isa = PBXGroup;
			children = (
			);
			path = Models;
			sourceTree = "<group>";
		};
		085AE5D02ADDB9C70069EFF2 /* Extensions */ = {
			isa = PBXGroup;
			children = (
				08F001C22AE95FE6002C1B99 /* ColorExtension.swift */,
				08F001C42AE9601C002C1B99 /* ColorSchemeExtension.swift */,
				08F001C62AE9604F002C1B99 /* ImageExtension.swift */,
				08F001C82AE9606F002C1B99 /* DateExtension.swift */,
				08F001CE2AEAABDC002C1B99 /* LocalizedStringKeyExtension.swift */,
				085BAFDC2AF6BB7F00EBF98D /* CustomFormatter.swift */,
			);
			path = Extensions;
			sourceTree = "<group>";
		};
		0875732B2ACAF6A9009A466A = {
			isa = PBXGroup;
			children = (
				087573362ACAF6A9009A466A /* RateFilm */,
				087573352ACAF6A9009A466A /* Products */,
			);
			sourceTree = "<group>";
		};
		087573352ACAF6A9009A466A /* Products */ = {
			isa = PBXGroup;
			children = (
				087573342ACAF6A9009A466A /* RateFilm.app */,
			);
			name = Products;
			sourceTree = "<group>";
		};
		087573362ACAF6A9009A466A /* RateFilm */ = {
			isa = PBXGroup;
			children = (
				085AE5A42AD48D280069EFF2 /* App */,
				085AE5A52AD48D3A0069EFF2 /* Modules */,
				0847FD4E2AD0B88F00DEC3C1 /* Network */,
				085AE5D02ADDB9C70069EFF2 /* Extensions */,
				0875733D2ACAF6AA009A466A /* Preview Content */,
				0875733B2ACAF6AA009A466A /* Assets.xcassets */,
				08612BBD2AE2C883003F9568 /* Localizable.xcstrings */,
			);
			path = RateFilm;
			sourceTree = "<group>";
		};
		0875733D2ACAF6AA009A466A /* Preview Content */ = {
			isa = PBXGroup;
			children = (
				0875733E2ACAF6AA009A466A /* Preview Assets.xcassets */,
			);
			path = "Preview Content";
			sourceTree = "<group>";
		};
		087573472ACD690A009A466A /* ViewModels */ = {
			isa = PBXGroup;
			children = (
				08F001CC2AEA66F0002C1B99 /* LoginViewModel.swift */,
				080A8BAD2B057F3F008626AE /* ForgotPasswordViewModel.swift */,
			);
			path = ViewModels;
			sourceTree = "<group>";
		};
		08F001BC2AE86E26002C1B99 /* SettingsModule */ = {
			isa = PBXGroup;
			children = (
				08F001BF2AE86E44002C1B99 /* Models */,
				08F001BE2AE86E3B002C1B99 /* ViewModels */,
				08F001BD2AE86E32002C1B99 /* Views */,
			);
			path = SettingsModule;
			sourceTree = "<group>";
		};
		08F001BD2AE86E32002C1B99 /* Views */ = {
			isa = PBXGroup;
			children = (
				08F001C02AE86E58002C1B99 /* SettingsView.swift */,
			);
			path = Views;
			sourceTree = "<group>";
		};
		08F001BE2AE86E3B002C1B99 /* ViewModels */ = {
			isa = PBXGroup;
			children = (
			);
			path = ViewModels;
			sourceTree = "<group>";
		};
		08F001BF2AE86E44002C1B99 /* Models */ = {
			isa = PBXGroup;
			children = (
			);
			path = Models;
			sourceTree = "<group>";
		};
/* End PBXGroup section */

/* Begin PBXNativeTarget section */
		087573332ACAF6A9009A466A /* RateFilm */ = {
			isa = PBXNativeTarget;
			buildConfigurationList = 087573422ACAF6AA009A466A /* Build configuration list for PBXNativeTarget "RateFilm" */;
			buildPhases = (
				087573302ACAF6A9009A466A /* Sources */,
				087573312ACAF6A9009A466A /* Frameworks */,
				087573322ACAF6A9009A466A /* Resources */,
			);
			buildRules = (
			);
			dependencies = (
			);
			name = RateFilm;
			productName = RateFilm;
			productReference = 087573342ACAF6A9009A466A /* RateFilm.app */;
			productType = "com.apple.product-type.application";
		};
/* End PBXNativeTarget section */

/* Begin PBXProject section */
		0875732C2ACAF6A9009A466A /* Project object */ = {
			isa = PBXProject;
			attributes = {
				BuildIndependentTargetsInParallel = 1;
				LastSwiftUpdateCheck = 1430;
				LastUpgradeCheck = 1430;
				TargetAttributes = {
					087573332ACAF6A9009A466A = {
						CreatedOnToolsVersion = 14.3;
					};
				};
			};
			buildConfigurationList = 0875732F2ACAF6A9009A466A /* Build configuration list for PBXProject "RateFilm" */;
			compatibilityVersion = "Xcode 14.0";
			developmentRegion = en;
			hasScannedForEncodings = 0;
			knownRegions = (
				en,
				ru,
				Base,
			);
			mainGroup = 0875732B2ACAF6A9009A466A;
			productRefGroup = 087573352ACAF6A9009A466A /* Products */;
			projectDirPath = "";
			projectRoot = "";
			targets = (
				087573332ACAF6A9009A466A /* RateFilm */,
			);
		};
/* End PBXProject section */

/* Begin PBXResourcesBuildPhase section */
		087573322ACAF6A9009A466A /* Resources */ = {
			isa = PBXResourcesBuildPhase;
			buildActionMask = 2147483647;
			files = (
				0875733F2ACAF6AA009A466A /* Preview Assets.xcassets in Resources */,
				08612BBE2AE2C883003F9568 /* Localizable.xcstrings in Resources */,
				0875733C2ACAF6AA009A466A /* Assets.xcassets in Resources */,
			);
			runOnlyForDeploymentPostprocessing = 0;
		};
/* End PBXResourcesBuildPhase section */

/* Begin PBXSourcesBuildPhase section */
		087573302ACAF6A9009A466A /* Sources */ = {
			isa = PBXSourcesBuildPhase;
			buildActionMask = 2147483647;
			files = (
				085AE5B32AD5F4760069EFF2 /* ListView.swift in Sources */,
				0847FD4B2AD0B28C00DEC3C1 /* Login.swift in Sources */,
				08F001C72AE9604F002C1B99 /* ImageExtension.swift in Sources */,
				081B31902B177A8000CAB851 /* NetworkMovies.swift in Sources */,
				08161EE22B1F9ACD00641A7B /* MovieCard.swift in Sources */,
				085AE5A32AD4146E0069EFF2 /* Register.swift in Sources */,
				085AE5AF2AD5EE810069EFF2 /* ContentView.swift in Sources */,
				081B318E2B16499100CAB851 /* MovieStatus.swift in Sources */,
				08161EEA2B24AAB400641A7B /* SerialExtended.swift in Sources */,
				08F001D32AEC7C79002C1B99 /* MainViewSelectionsEnum.swift in Sources */,
				085AE5962AD40A820069EFF2 /* ImageModel.swift in Sources */,
				085BAFDD2AF6BB7F00EBF98D /* CustomFormatter.swift in Sources */,
				080A8BAE2B057F3F008626AE /* ForgotPasswordViewModel.swift in Sources */,
				08161EE62B20A79500641A7B /* SnippetViewModel.swift in Sources */,
				08F001D52AEFF736002C1B99 /* SnippetMainViewModel.swift in Sources */,
				085BAFDF2AFE5AA400EBF98D /* CustomSearchView.swift in Sources */,
				080A8BAA2B0573FD008626AE /* AuthViewModel.swift in Sources */,
				085AFDC42B1E1B12009C59B3 /* Person.swift in Sources */,
				080A8BA02B03C214008626AE /* SplashScreenView.swift in Sources */,
				0875734D2ACF5E1D009A466A /* Serial.swift in Sources */,
				085AE5AD2AD5EAC70069EFF2 /* HorizontalScrollView.swift in Sources */,
				08161EEE2B24B8A400641A7B /* UserMini.swift in Sources */,
				08F001CF2AEAABDD002C1B99 /* LocalizedStringKeyExtension.swift in Sources */,
				08161EEC2B24AD8C00641A7B /* Comment.swift in Sources */,
				0875733A2ACAF6A9009A466A /* MainView.swift in Sources */,
				0875734B2ACF582A009A466A /* Film.swift in Sources */,
				080A8BAC2B057F11008626AE /* ForgotPasswordView.swift in Sources */,
				085AE5B92AD6C47C0069EFF2 /* SearchView.swift in Sources */,
				085AE5B12AD5F4500069EFF2 /* MovieDetailsView.swift in Sources */,
				08F001C92AE9606F002C1B99 /* DateExtension.swift in Sources */,
				080A8BA22B03CA58008626AE /* AppConsts.swift in Sources */,
				085AE5C82AD6CA5B0069EFF2 /* ProfileView.swift in Sources */,
				08F001C12AE86E58002C1B99 /* SettingsView.swift in Sources */,
				08161EE82B24A8CB00641A7B /* FilmExtended.swift in Sources */,
				0847FD502AD0B89F00DEC3C1 /* NetworkService.swift in Sources */,
				085AFDC02B1CC432009C59B3 /* FavoritesViewModel.swift in Sources */,
				0847FD492AD0169F00DEC3C1 /* RegisterView.swift in Sources */,
				087573382ACAF6A9009A466A /* RateFilmApp.swift in Sources */,
				08F001C52AE9601C002C1B99 /* ColorSchemeExtension.swift in Sources */,
				08161EE42B1F9AEB00641A7B /* MovieDetailsViewModel.swift in Sources */,
				08F001CD2AEA66F0002C1B99 /* LoginViewModel.swift in Sources */,
				0847FD4D2AD0B70B00DEC3C1 /* LoginView.swift in Sources */,
				087573492ACD6A27009A466A /* User.swift in Sources */,
				085AFDC62B1E1D68009C59B3 /* Season.swift in Sources */,
				08F001CB2AE9BA3B002C1B99 /* RegisterViewModel.swift in Sources */,
				080A8BB02B116158008626AE /* BlockingView.swift in Sources */,
				085AE5B52AD6AD870069EFF2 /* MainViewModel.swift in Sources */,
				08F001D12AEC7C2E002C1B99 /* FavoritesViewSelectionsEnum.swift in Sources */,
				080A8BA82B03CBFA008626AE /* FirstScreenView.swift in Sources */,
				085AE5C22AD6C9120069EFF2 /* FavoritesView.swift in Sources */,
				085AFDC82B1E1D78009C59B3 /* Series.swift in Sources */,
				08F001C32AE95FE6002C1B99 /* ColorExtension.swift in Sources */,
			);
			runOnlyForDeploymentPostprocessing = 0;
		};
/* End PBXSourcesBuildPhase section */

/* Begin XCBuildConfiguration section */
		087573402ACAF6AA009A466A /* Debug */ = {
			isa = XCBuildConfiguration;
			buildSettings = {
				ALWAYS_SEARCH_USER_PATHS = NO;
				CLANG_ANALYZER_NONNULL = YES;
				CLANG_ANALYZER_NUMBER_OBJECT_CONVERSION = YES_AGGRESSIVE;
				CLANG_CXX_LANGUAGE_STANDARD = "gnu++20";
				CLANG_ENABLE_MODULES = YES;
				CLANG_ENABLE_OBJC_ARC = YES;
				CLANG_ENABLE_OBJC_WEAK = YES;
				CLANG_WARN_BLOCK_CAPTURE_AUTORELEASING = YES;
				CLANG_WARN_BOOL_CONVERSION = YES;
				CLANG_WARN_COMMA = YES;
				CLANG_WARN_CONSTANT_CONVERSION = YES;
				CLANG_WARN_DEPRECATED_OBJC_IMPLEMENTATIONS = YES;
				CLANG_WARN_DIRECT_OBJC_ISA_USAGE = YES_ERROR;
				CLANG_WARN_DOCUMENTATION_COMMENTS = YES;
				CLANG_WARN_EMPTY_BODY = YES;
				CLANG_WARN_ENUM_CONVERSION = YES;
				CLANG_WARN_INFINITE_RECURSION = YES;
				CLANG_WARN_INT_CONVERSION = YES;
				CLANG_WARN_NON_LITERAL_NULL_CONVERSION = YES;
				CLANG_WARN_OBJC_IMPLICIT_RETAIN_SELF = YES;
				CLANG_WARN_OBJC_LITERAL_CONVERSION = YES;
				CLANG_WARN_OBJC_ROOT_CLASS = YES_ERROR;
				CLANG_WARN_QUOTED_INCLUDE_IN_FRAMEWORK_HEADER = YES;
				CLANG_WARN_RANGE_LOOP_ANALYSIS = YES;
				CLANG_WARN_STRICT_PROTOTYPES = YES;
				CLANG_WARN_SUSPICIOUS_MOVE = YES;
				CLANG_WARN_UNGUARDED_AVAILABILITY = YES_AGGRESSIVE;
				CLANG_WARN_UNREACHABLE_CODE = YES;
				CLANG_WARN__DUPLICATE_METHOD_MATCH = YES;
				COPY_PHASE_STRIP = NO;
				DEBUG_INFORMATION_FORMAT = dwarf;
				ENABLE_STRICT_OBJC_MSGSEND = YES;
				ENABLE_TESTABILITY = YES;
				GCC_C_LANGUAGE_STANDARD = gnu11;
				GCC_DYNAMIC_NO_PIC = NO;
				GCC_NO_COMMON_BLOCKS = YES;
				GCC_OPTIMIZATION_LEVEL = 0;
				GCC_PREPROCESSOR_DEFINITIONS = (
					"DEBUG=1",
					"$(inherited)",
				);
				GCC_WARN_64_TO_32_BIT_CONVERSION = YES;
				GCC_WARN_ABOUT_RETURN_TYPE = YES_ERROR;
				GCC_WARN_UNDECLARED_SELECTOR = YES;
				GCC_WARN_UNINITIALIZED_AUTOS = YES_AGGRESSIVE;
				GCC_WARN_UNUSED_FUNCTION = YES;
				GCC_WARN_UNUSED_VARIABLE = YES;
				IPHONEOS_DEPLOYMENT_TARGET = 17.0;
				LOCALIZATION_PREFERS_STRING_CATALOGS = YES;
				MTL_ENABLE_DEBUG_INFO = INCLUDE_SOURCE;
				MTL_FAST_MATH = YES;
				ONLY_ACTIVE_ARCH = YES;
				SDKROOT = iphoneos;
				SWIFT_ACTIVE_COMPILATION_CONDITIONS = DEBUG;
				SWIFT_OPTIMIZATION_LEVEL = "-Onone";
			};
			name = Debug;
		};
		087573412ACAF6AA009A466A /* Release */ = {
			isa = XCBuildConfiguration;
			buildSettings = {
				ALWAYS_SEARCH_USER_PATHS = NO;
				CLANG_ANALYZER_NONNULL = YES;
				CLANG_ANALYZER_NUMBER_OBJECT_CONVERSION = YES_AGGRESSIVE;
				CLANG_CXX_LANGUAGE_STANDARD = "gnu++20";
				CLANG_ENABLE_MODULES = YES;
				CLANG_ENABLE_OBJC_ARC = YES;
				CLANG_ENABLE_OBJC_WEAK = YES;
				CLANG_WARN_BLOCK_CAPTURE_AUTORELEASING = YES;
				CLANG_WARN_BOOL_CONVERSION = YES;
				CLANG_WARN_COMMA = YES;
				CLANG_WARN_CONSTANT_CONVERSION = YES;
				CLANG_WARN_DEPRECATED_OBJC_IMPLEMENTATIONS = YES;
				CLANG_WARN_DIRECT_OBJC_ISA_USAGE = YES_ERROR;
				CLANG_WARN_DOCUMENTATION_COMMENTS = YES;
				CLANG_WARN_EMPTY_BODY = YES;
				CLANG_WARN_ENUM_CONVERSION = YES;
				CLANG_WARN_INFINITE_RECURSION = YES;
				CLANG_WARN_INT_CONVERSION = YES;
				CLANG_WARN_NON_LITERAL_NULL_CONVERSION = YES;
				CLANG_WARN_OBJC_IMPLICIT_RETAIN_SELF = YES;
				CLANG_WARN_OBJC_LITERAL_CONVERSION = YES;
				CLANG_WARN_OBJC_ROOT_CLASS = YES_ERROR;
				CLANG_WARN_QUOTED_INCLUDE_IN_FRAMEWORK_HEADER = YES;
				CLANG_WARN_RANGE_LOOP_ANALYSIS = YES;
				CLANG_WARN_STRICT_PROTOTYPES = YES;
				CLANG_WARN_SUSPICIOUS_MOVE = YES;
				CLANG_WARN_UNGUARDED_AVAILABILITY = YES_AGGRESSIVE;
				CLANG_WARN_UNREACHABLE_CODE = YES;
				CLANG_WARN__DUPLICATE_METHOD_MATCH = YES;
				COPY_PHASE_STRIP = NO;
				DEBUG_INFORMATION_FORMAT = "dwarf-with-dsym";
				ENABLE_NS_ASSERTIONS = NO;
				ENABLE_STRICT_OBJC_MSGSEND = YES;
				GCC_C_LANGUAGE_STANDARD = gnu11;
				GCC_NO_COMMON_BLOCKS = YES;
				GCC_WARN_64_TO_32_BIT_CONVERSION = YES;
				GCC_WARN_ABOUT_RETURN_TYPE = YES_ERROR;
				GCC_WARN_UNDECLARED_SELECTOR = YES;
				GCC_WARN_UNINITIALIZED_AUTOS = YES_AGGRESSIVE;
				GCC_WARN_UNUSED_FUNCTION = YES;
				GCC_WARN_UNUSED_VARIABLE = YES;
				IPHONEOS_DEPLOYMENT_TARGET = 17.0;
				LOCALIZATION_PREFERS_STRING_CATALOGS = YES;
				MTL_ENABLE_DEBUG_INFO = NO;
				MTL_FAST_MATH = YES;
				SDKROOT = iphoneos;
				SWIFT_COMPILATION_MODE = wholemodule;
				SWIFT_OPTIMIZATION_LEVEL = "-O";
				VALIDATE_PRODUCT = YES;
			};
			name = Release;
		};
		087573432ACAF6AA009A466A /* Debug */ = {
			isa = XCBuildConfiguration;
			buildSettings = {
				ASSETCATALOG_COMPILER_APPICON_NAME = AppIcon;
				ASSETCATALOG_COMPILER_GLOBAL_ACCENT_COLOR_NAME = AccentColor;
				CODE_SIGN_STYLE = Automatic;
				CURRENT_PROJECT_VERSION = 1;
				DEVELOPMENT_ASSET_PATHS = "\"RateFilm/Preview Content\"";
				DEVELOPMENT_TEAM = Y679FF864V;
				ENABLE_PREVIEWS = YES;
				GENERATE_INFOPLIST_FILE = YES;
				INFOPLIST_KEY_UIApplicationSceneManifest_Generation = YES;
				INFOPLIST_KEY_UIApplicationSupportsIndirectInputEvents = YES;
				INFOPLIST_KEY_UILaunchScreen_Generation = YES;
				INFOPLIST_KEY_UISupportedInterfaceOrientations_iPad = "UIInterfaceOrientationPortrait UIInterfaceOrientationPortraitUpsideDown UIInterfaceOrientationLandscapeLeft UIInterfaceOrientationLandscapeRight";
				INFOPLIST_KEY_UISupportedInterfaceOrientations_iPhone = "UIInterfaceOrientationPortrait UIInterfaceOrientationLandscapeLeft UIInterfaceOrientationLandscapeRight";
				LD_RUNPATH_SEARCH_PATHS = (
					"$(inherited)",
					"@executable_path/Frameworks",
				);
				MARKETING_VERSION = 1.0;
				PRODUCT_BUNDLE_IDENTIFIER = Bimb.RateFilm;
				PRODUCT_NAME = "$(TARGET_NAME)";
				SWIFT_EMIT_LOC_STRINGS = YES;
				SWIFT_VERSION = 5.0;
				TARGETED_DEVICE_FAMILY = "1,2";
			};
			name = Debug;
		};
		087573442ACAF6AA009A466A /* Release */ = {
			isa = XCBuildConfiguration;
			buildSettings = {
				ASSETCATALOG_COMPILER_APPICON_NAME = AppIcon;
				ASSETCATALOG_COMPILER_GLOBAL_ACCENT_COLOR_NAME = AccentColor;
				CODE_SIGN_STYLE = Automatic;
				CURRENT_PROJECT_VERSION = 1;
				DEVELOPMENT_ASSET_PATHS = "\"RateFilm/Preview Content\"";
				DEVELOPMENT_TEAM = Y679FF864V;
				ENABLE_PREVIEWS = YES;
				GENERATE_INFOPLIST_FILE = YES;
				INFOPLIST_KEY_UIApplicationSceneManifest_Generation = YES;
				INFOPLIST_KEY_UIApplicationSupportsIndirectInputEvents = YES;
				INFOPLIST_KEY_UILaunchScreen_Generation = YES;
				INFOPLIST_KEY_UISupportedInterfaceOrientations_iPad = "UIInterfaceOrientationPortrait UIInterfaceOrientationPortraitUpsideDown UIInterfaceOrientationLandscapeLeft UIInterfaceOrientationLandscapeRight";
				INFOPLIST_KEY_UISupportedInterfaceOrientations_iPhone = "UIInterfaceOrientationPortrait UIInterfaceOrientationLandscapeLeft UIInterfaceOrientationLandscapeRight";
				LD_RUNPATH_SEARCH_PATHS = (
					"$(inherited)",
					"@executable_path/Frameworks",
				);
				MARKETING_VERSION = 1.0;
				PRODUCT_BUNDLE_IDENTIFIER = Bimb.RateFilm;
				PRODUCT_NAME = "$(TARGET_NAME)";
				SWIFT_EMIT_LOC_STRINGS = YES;
				SWIFT_VERSION = 5.0;
				TARGETED_DEVICE_FAMILY = "1,2";
			};
			name = Release;
		};
/* End XCBuildConfiguration section */

/* Begin XCConfigurationList section */
		0875732F2ACAF6A9009A466A /* Build configuration list for PBXProject "RateFilm" */ = {
			isa = XCConfigurationList;
			buildConfigurations = (
				087573402ACAF6AA009A466A /* Debug */,
				087573412ACAF6AA009A466A /* Release */,
			);
			defaultConfigurationIsVisible = 0;
			defaultConfigurationName = Release;
		};
		087573422ACAF6AA009A466A /* Build configuration list for PBXNativeTarget "RateFilm" */ = {
			isa = XCConfigurationList;
			buildConfigurations = (
				087573432ACAF6AA009A466A /* Debug */,
				087573442ACAF6AA009A466A /* Release */,
			);
			defaultConfigurationIsVisible = 0;
			defaultConfigurationName = Release;
		};
/* End XCConfigurationList section */
	};
	rootObject = 0875732C2ACAF6A9009A466A /* Project object */;
}
